pillow==12.3.0 --hash=sha256:4a94c6d980b59a49dff1caec3f3dec6aedce69c7a2a8321b96fa0eff00862627 --hash=sha256:9ef805f490216cd94a95e412779529bc9b6799b0c00291f9272a486ece1f54fa
numpy==2.4.6 --hash=sha256:3e8e51652ed0118325856cfe62fe1d6e47f3ce240a128643f36af6ffe6455d08 --hash=sha256:93632da93e6e1fed81279af07e2682e2b0842c7ffc89a7febb4248f2fad670ad
vtracer==0.6.15 --hash=sha256:09ac4a5471c0301974aded9bbe51ded5908ef6c0058a2d07efca576955391e27 --hash=sha256:f08d0552e9e5b421a948f87757ac5c83f69cf209f3f82fd9a7842b4b3b79969d
